{
  "nodes": {
    "ic-nix": {
      "flake": false,
      "locked": {
        "lastModified": 1718003597,
        "narHash": "sha256-O+TEn3q342oi2igPjPWjSMJTjsY4gFoJG6SZ/9ngrAs=",
        "owner": "ninegua",
        "repo": "ic-nix",
        "rev": "e29bd893a32c1a9cb2f07cd73444750178c36843",
        "type": "github"
      },
      "original": {
        "owner": "ninegua",
        "ref": "20240610",
        "repo": "ic-nix",
        "type": "github"
      }
    },
    "nixpkgs": {
      "locked": {
        "lastModified": 1718867892,
        "narHash": "sha256-Tjk7AVWnBU+zaIg8CajI6s89R5kbFkxcUMQ67XyDPTc=",
        "owner": "NixOS",
        "repo": "nixpkgs",
        "rev": "1c3a28d84f970e7774af04372ade06399add182e",
        "type": "github"
      },
      "original": {
        "owner": "NixOS",
        "repo": "nixpkgs",
        "rev": "1c3a28d84f970e7774af04372ade06399add182e",
        "type": "github"
      }
    },
    "root": {
      "inputs": {
        "ic-nix": "ic-nix",
        "nixpkgs": "nixpkgs"
      }
    }
  },
  "root": "root",
  "version": 7
}
